
Microsoft Visual Studio Solution File, Format Version 12.00
# Visual Studio Version 17
VisualStudioVersion = 17.11.35312.102
MinimumVisualStudioVersion = 10.0.40219.1
Project("{2150E333-8FDC-42A3-9474-1A3956D46DE8}") = "ACTIVIDAD 1", "ACTIVIDAD 1", "{C3CA4781-F84C-429D-B00D-B6393335A15F}"
EndProject
Project("{8BC9CEB8-8B4A-11D0-8D11-00A0C91BC942}") = "Sniper", "Sniper\Sniper.vcxproj", "{4AC17636-5306-488A-9B7C-A4D1B7EB1E7D}"
EndProject
Project("{2150E333-8FDC-42A3-9474-1A3956D46DE8}") = "ACTIVIDAD 2", "ACTIVIDAD 2", "{7456D79E-3B87-41FE-B5B8-C02AEAF6DC29}"
EndProject
Project("{8BC9CEB8-8B4A-11D0-8D11-00A0C91BC942}") = "Ajedrez", "..\Tablero-de-Ajedrez-master\Ajedrez\Ajedrez.vcxproj", "{82B745E1-0AB5-4066-A291-1492D4EA1BF3}"
EndProject
Project("{2150E333-8FDC-42A3-9474-1A3956D46DE8}") = "ACTIVIDAD 3", "ACTIVIDAD 3", "{6CF0B28D-F9CE-4896-BB02-FD2D14B68DBE}"
EndProject
Project("{8BC9CEB8-8B4A-11D0-8D11-00A0C91BC942}") = "Fondo de juego", "..\Fondo-de-juego-master\Fondo de juego\Fondo de juego.vcxproj", "{8FECEB56-3C1E-4CF4-BD90-A37E8CDF6A65}"
EndProject
Project("{2150E333-8FDC-42A3-9474-1A3956D46DE8}") = "ACTIVIDAD 4", "ACTIVIDAD 4", "{D5C6C763-1495-4B32-B37D-7BE06EBEFB9F}"
EndProject
Project("{8BC9CEB8-8B4A-11D0-8D11-00A0C91BC942}") = "Plataformas", "..\Plataformas-master\Plataformas\Plataformas.vcxproj", "{93694C56-3BB2-48C7-8D74-899F0FE11009}"
EndProject
Project("{2150E333-8FDC-42A3-9474-1A3956D46DE8}") = "ACTIVIDAD 5", "ACTIVIDAD 5", "{68B70393-1EEC-4441-A545-7C3D344A1B3D}"
EndProject
Project("{8BC9CEB8-8B4A-11D0-8D11-00A0C91BC942}") = "Rotación de objetos", "..\Rotaci-n-de-objetos-master\Rotación de objetos\Rotación de objetos.vcxproj", "{74CD8D09-8598-48D2-AD53-471CBD79FA0A}"
EndProject
Project("{2150E333-8FDC-42A3-9474-1A3956D46DE8}") = "ACTIVIDAD 6", "ACTIVIDAD 6", "{359E49DD-90F9-42E7-AAF6-03FBB4861DD5}"
EndProject
Project("{8BC9CEB8-8B4A-11D0-8D11-00A0C91BC942}") = "Cuadrados de colores", "..\Cuadrados-de-colores-master\Cuadrados de colores\Cuadrados de colores.vcxproj", "{A8F7F47D-A034-479D-8B59-41E5F7F3CEFC}"
EndProject
Project("{2150E333-8FDC-42A3-9474-1A3956D46DE8}") = "ACTIVIDAD 7", "ACTIVIDAD 7", "{85EF6D14-3EC7-431E-AECF-BB52293D269A}"
EndProject
Project("{8BC9CEB8-8B4A-11D0-8D11-00A0C91BC942}") = "Círculo azul", "..\C-rculo-azul-master\Círculo azul\Círculo azul.vcxproj", "{D5E99A56-A2BD-433D-A8C2-B3C44E28526E}"
EndProject
Global
	GlobalSection(SolutionConfigurationPlatforms) = preSolution
		Debug|x64 = Debug|x64
		Debug|x86 = Debug|x86
		Release|x64 = Release|x64
		Release|x86 = Release|x86
	EndGlobalSection
	GlobalSection(ProjectConfigurationPlatforms) = postSolution
		{4AC17636-5306-488A-9B7C-A4D1B7EB1E7D}.Debug|x64.ActiveCfg = Debug|x64
		{4AC17636-5306-488A-9B7C-A4D1B7EB1E7D}.Debug|x64.Build.0 = Debug|x64
		{4AC17636-5306-488A-9B7C-A4D1B7EB1E7D}.Debug|x86.ActiveCfg = Debug|Win32
		{4AC17636-5306-488A-9B7C-A4D1B7EB1E7D}.Debug|x86.Build.0 = Debug|Win32
		{4AC17636-5306-488A-9B7C-A4D1B7EB1E7D}.Release|x64.ActiveCfg = Release|x64
		{4AC17636-5306-488A-9B7C-A4D1B7EB1E7D}.Release|x64.Build.0 = Release|x64
		{4AC17636-5306-488A-9B7C-A4D1B7EB1E7D}.Release|x86.ActiveCfg = Release|Win32
		{4AC17636-5306-488A-9B7C-A4D1B7EB1E7D}.Release|x86.Build.0 = Release|Win32
		{82B745E1-0AB5-4066-A291-1492D4EA1BF3}.Debug|x64.ActiveCfg = Debug|x64
		{82B745E1-0AB5-4066-A291-1492D4EA1BF3}.Debug|x64.Build.0 = Debug|x64
		{82B745E1-0AB5-4066-A291-1492D4EA1BF3}.Debug|x86.ActiveCfg = Debug|Win32
		{82B745E1-0AB5-4066-A291-1492D4EA1BF3}.Debug|x86.Build.0 = Debug|Win32
		{82B745E1-0AB5-4066-A291-1492D4EA1BF3}.Release|x64.ActiveCfg = Release|x64
		{82B745E1-0AB5-4066-A291-1492D4EA1BF3}.Release|x64.Build.0 = Release|x64
		{82B745E1-0AB5-4066-A291-1492D4EA1BF3}.Release|x86.ActiveCfg = Release|Win32
		{82B745E1-0AB5-4066-A291-1492D4EA1BF3}.Release|x86.Build.0 = Release|Win32
		{8FECEB56-3C1E-4CF4-BD90-A37E8CDF6A65}.Debug|x64.ActiveCfg = Debug|x64
		{8FECEB56-3C1E-4CF4-BD90-A37E8CDF6A65}.Debug|x64.Build.0 = Debug|x64
		{8FECEB56-3C1E-4CF4-BD90-A37E8CDF6A65}.Debug|x86.ActiveCfg = Debug|Win32
		{8FECEB56-3C1E-4CF4-BD90-A37E8CDF6A65}.Debug|x86.Build.0 = Debug|Win32
		{8FECEB56-3C1E-4CF4-BD90-A37E8CDF6A65}.Release|x64.ActiveCfg = Release|x64
		{8FECEB56-3C1E-4CF4-BD90-A37E8CDF6A65}.Release|x64.Build.0 = Release|x64
		{8FECEB56-3C1E-4CF4-BD90-A37E8CDF6A65}.Release|x86.ActiveCfg = Release|Win32
		{8FECEB56-3C1E-4CF4-BD90-A37E8CDF6A65}.Release|x86.Build.0 = Release|Win32
		{93694C56-3BB2-48C7-8D74-899F0FE11009}.Debug|x64.ActiveCfg = Debug|x64
		{93694C56-3BB2-48C7-8D74-899F0FE11009}.Debug|x64.Build.0 = Debug|x64
		{93694C56-3BB2-48C7-8D74-899F0FE11009}.Debug|x86.ActiveCfg = Debug|Win32
		{93694C56-3BB2-48C7-8D74-899F0FE11009}.Debug|x86.Build.0 = Debug|Win32
		{93694C56-3BB2-48C7-8D74-899F0FE11009}.Release|x64.ActiveCfg = Release|x64
		{93694C56-3BB2-48C7-8D74-899F0FE11009}.Release|x64.Build.0 = Release|x64
		{93694C56-3BB2-48C7-8D74-899F0FE11009}.Release|x86.ActiveCfg = Release|Win32
		{93694C56-3BB2-48C7-8D74-899F0FE11009}.Release|x86.Build.0 = Release|Win32
		{74CD8D09-8598-48D2-AD53-471CBD79FA0A}.Debug|x64.ActiveCfg = Debug|x64
		{74CD8D09-8598-48D2-AD53-471CBD79FA0A}.Debug|x64.Build.0 = Debug|x64
		{74CD8D09-8598-48D2-AD53-471CBD79FA0A}.Debug|x86.ActiveCfg = Debug|Win32
		{74CD8D09-8598-48D2-AD53-471CBD79FA0A}.Debug|x86.Build.0 = Debug|Win32
		{74CD8D09-8598-48D2-AD53-471CBD79FA0A}.Release|x64.ActiveCfg = Release|x64
		{74CD8D09-8598-48D2-AD53-471CBD79FA0A}.Release|x64.Build.0 = Release|x64
		{74CD8D09-8598-48D2-AD53-471CBD79FA0A}.Release|x86.ActiveCfg = Release|Win32
		{74CD8D09-8598-48D2-AD53-471CBD79FA0A}.Release|x86.Build.0 = Release|Win32
		{A8F7F47D-A034-479D-8B59-41E5F7F3CEFC}.Debug|x64.ActiveCfg = Debug|x64
		{A8F7F47D-A034-479D-8B59-41E5F7F3CEFC}.Debug|x64.Build.0 = Debug|x64
		{A8F7F47D-A034-479D-8B59-41E5F7F3CEFC}.Debug|x86.ActiveCfg = Debug|Win32
		{A8F7F47D-A034-479D-8B59-41E5F7F3CEFC}.Debug|x86.Build.0 = Debug|Win32
		{A8F7F47D-A034-479D-8B59-41E5F7F3CEFC}.Release|x64.ActiveCfg = Release|x64
		{A8F7F47D-A034-479D-8B59-41E5F7F3CEFC}.Release|x64.Build.0 = Release|x64
		{A8F7F47D-A034-479D-8B59-41E5F7F3CEFC}.Release|x86.ActiveCfg = Release|Win32
		{A8F7F47D-A034-479D-8B59-41E5F7F3CEFC}.Release|x86.Build.0 = Release|Win32
		{D5E99A56-A2BD-433D-A8C2-B3C44E28526E}.Debug|x64.ActiveCfg = Debug|x64
		{D5E99A56-A2BD-433D-A8C2-B3C44E28526E}.Debug|x64.Build.0 = Debug|x64
		{D5E99A56-A2BD-433D-A8C2-B3C44E28526E}.Debug|x86.ActiveCfg = Debug|Win32
		{D5E99A56-A2BD-433D-A8C2-B3C44E28526E}.Debug|x86.Build.0 = Debug|Win32
		{D5E99A56-A2BD-433D-A8C2-B3C44E28526E}.Release|x64.ActiveCfg = Release|x64
		{D5E99A56-A2BD-433D-A8C2-B3C44E28526E}.Release|x64.Build.0 = Release|x64
		{D5E99A56-A2BD-433D-A8C2-B3C44E28526E}.Release|x86.ActiveCfg = Release|Win32
		{D5E99A56-A2BD-433D-A8C2-B3C44E28526E}.Release|x86.Build.0 = Release|Win32
	EndGlobalSection
	GlobalSection(SolutionProperties) = preSolution
		HideSolutionNode = FALSE
	EndGlobalSection
	GlobalSection(NestedProjects) = preSolution
		{4AC17636-5306-488A-9B7C-A4D1B7EB1E7D} = {C3CA4781-F84C-429D-B00D-B6393335A15F}
		{82B745E1-0AB5-4066-A291-1492D4EA1BF3} = {7456D79E-3B87-41FE-B5B8-C02AEAF6DC29}
		{8FECEB56-3C1E-4CF4-BD90-A37E8CDF6A65} = {6CF0B28D-F9CE-4896-BB02-FD2D14B68DBE}
		{93694C56-3BB2-48C7-8D74-899F0FE11009} = {D5C6C763-1495-4B32-B37D-7BE06EBEFB9F}
		{74CD8D09-8598-48D2-AD53-471CBD79FA0A} = {68B70393-1EEC-4441-A545-7C3D344A1B3D}
		{A8F7F47D-A034-479D-8B59-41E5F7F3CEFC} = {359E49DD-90F9-42E7-AAF6-03FBB4861DD5}
		{D5E99A56-A2BD-433D-A8C2-B3C44E28526E} = {85EF6D14-3EC7-431E-AECF-BB52293D269A}
	EndGlobalSection
	GlobalSection(ExtensibilityGlobals) = postSolution
		SolutionGuid = {664CC386-1A7B-4593-9500-36791F9BC36A}
	EndGlobalSection
EndGlobal
